{
  "version": 4,
  "terraform_version": "1.6.3",
  "serial": 39,
  "lineage": "c0f21368-93a0-9502-8dac-78de6057ce55",
  "outputs": {
    "vm_public_ip": {
      "value": "20.102.69.77",
      "type": "string"
    }
  },
  "resources": [
    {
      "mode": "data",
      "type": "azurerm_public_ip",
      "name": "vm_public_ip",
      "provider": "provider[\"registry.terraform.io/hashicorp/azurerm\"]",
      "instances": [
        {
          "schema_version": 0,
          "attributes": {
            "allocation_method": "Static",
            "domain_name_label": "",
            "fqdn": "",
            "id": "/subscriptions/49fa5565-76d0-4070-af99-cd92822edbdc/resourceGroups/snipe-it/providers/Microsoft.Network/publicIPAddresses/vm_public_ip",
            "idle_timeout_in_minutes": 4,
            "ip_address": "20.102.69.77",
            "ip_tags": {},
            "ip_version": "IPv4",
            "location": "eastus",
            "name": "vm_public_ip",
            "resource_group_name": "snipe-it",
            "reverse_fqdn": "",
            "sku": "Basic",
            "tags": {},
            "timeouts": null,
            "zones": []
          },
          "sensitive_attributes": []
        }
      ]
    },
    {
      "mode": "managed",
      "type": "azurerm_linux_virtual_machine",
      "name": "snipe-it",
      "provider": "provider[\"registry.terraform.io/hashicorp/azurerm\"]",
      "instances": [
        {
          "schema_version": 0,
          "attributes": {
            "additional_capabilities": [],
            "admin_password": null,
            "admin_ssh_key": [
              {
                "public_key": "ssh-rsa AAAAB3NzaC1yc2EAAAADAQABAAABgQDZC/1CMXiMyswuMdtENHLI/td6a9tmUsAGCafhjUL+EErTeR2sCiYHiMMuF4jQUNoZsQMEI8ozfoRtRLhRLTJJdpEvUys3+meEOvzRjY8kPYrSU4BjVhX2NSOHguqZlAJnlhbMLT2f8dXPH0ka7Yjlac3qajB+eyL2Xa4D4Ob/9jxb/C0U8D0ojuuwnwHp+gZjjJFGgcn56cKxtM4sMOGEfxe/XXNPFxwi9JxAWjJfnOomH3hYxVsOPRf/pWrvLjUigf+krpAOPYTI84Dxp3xK1YYGnLkurZsYXDN5Q783Su1fyFKJtjGOq9nqKmyUY2m2Pf2sv/uZ0fKMyUeHS1EpDMmSRrtF1ipF6UbJ88DiwJ6bVoYuukzC7w6gLSjdE1Qg5T8Rmo/rOxud8BiThZddWt24WZmFR1zqYMzp++Phtl8yfEUx38rv+gVkW/p/dLuhAHvHQGpYEL+B2hdgk0KuWfzidrY2ooAgPBhLe8XcdGZQjYWyU1hDW9pG89OMshk= ailab2@ailab2\n",
                "username": "adminuser"
              }
            ],
            "admin_username": "adminuser",
            "allow_extension_operations": true,
            "availability_set_id": "",
            "boot_diagnostics": [],
            "computer_name": "snipe-it-machine",
            "custom_data": "ICMhL2Jpbi9iYXNoCiBnaXQgY2xvbmUgaHR0cHM6Ly9naXRodWIuY29tL3NuaXBlL3NuaXBlLWl0CgogY2Qgc25pcGUtaXQKCi4vaW5zdGFsbC5zaCA8PEVPRgoyMC4xMDIuNjkuNzcKIHkKIG4KIEVPRgo=",
            "dedicated_host_group_id": "",
            "dedicated_host_id": "",
            "disable_password_authentication": true,
            "edge_zone": "",
            "encryption_at_host_enabled": false,
            "eviction_policy": "",
            "extensions_time_budget": "PT1H30M",
            "id": "/subscriptions/49fa5565-76d0-4070-af99-cd92822edbdc/resourceGroups/snipe-it/providers/Microsoft.Compute/virtualMachines/snipe-it-machine",
            "identity": [],
            "license_type": "",
            "location": "eastus",
            "max_bid_price": -1,
            "name": "snipe-it-machine",
            "network_interface_ids": [
              "/subscriptions/49fa5565-76d0-4070-af99-cd92822edbdc/resourceGroups/snipe-it/providers/Microsoft.Network/networkInterfaces/nic"
            ],
            "os_disk": [
              {
                "caching": "ReadWrite",
                "diff_disk_settings": [],
                "disk_encryption_set_id": "",
                "disk_size_gb": 30,
                "name": "snipe-it-machine_disk1_545834ef9cce4e6f8bc187e2069350a9",
                "storage_account_type": "Standard_LRS",
                "write_accelerator_enabled": false
              }
            ],
            "patch_mode": "ImageDefault",
            "plan": [],
            "platform_fault_domain": -1,
            "priority": "Regular",
            "private_ip_address": "10.0.1.4",
            "private_ip_addresses": [
              "10.0.1.4"
            ],
            "provision_vm_agent": true,
            "proximity_placement_group_id": "",
            "public_ip_address": "20.102.69.77",
            "public_ip_addresses": [
              "20.102.69.77"
            ],
            "resource_group_name": "snipe-it",
            "secret": [],
            "secure_boot_enabled": false,
            "size": "Standard_B1s",
            "source_image_id": "",
            "source_image_reference": [
              {
                "offer": "0001-com-ubuntu-server-jammy",
                "publisher": "Canonical",
                "sku": "22_04-lts",
                "version": "latest"
              }
            ],
            "tags": null,
            "termination_notification": null,
            "timeouts": null,
            "user_data": "",
            "virtual_machine_id": "fc7c3728-d252-4a2b-b19f-f322a99cfd0c",
            "virtual_machine_scale_set_id": "",
            "vtpm_enabled": false,
            "zone": ""
          },
          "sensitive_attributes": [],
          "private": "eyJlMmJmYjczMC1lY2FhLTExZTYtOGY4OC0zNDM2M2JjN2M0YzAiOnsiY3JlYXRlIjoyNzAwMDAwMDAwMDAwLCJkZWxldGUiOjI3MDAwMDAwMDAwMDAsInJlYWQiOjMwMDAwMDAwMDAwMCwidXBkYXRlIjoyNzAwMDAwMDAwMDAwfX0=",
          "dependencies": [
            "azurerm_network_interface.snipe-it",
            "azurerm_public_ip.snipe-it",
            "azurerm_resource_group.snipe-it",
            "azurerm_subnet.snipe-it",
            "azurerm_virtual_network.snipe-it",
            "data.azurerm_public_ip.vm_public_ip"
          ]
        }
      ]
    },
    {
      "mode": "managed",
      "type": "azurerm_network_interface",
      "name": "snipe-it",
      "provider": "provider[\"registry.terraform.io/hashicorp/azurerm\"]",
      "instances": [
        {
          "schema_version": 0,
          "attributes": {
            "applied_dns_servers": [],
            "dns_servers": [],
            "edge_zone": "",
            "enable_accelerated_networking": false,
            "enable_ip_forwarding": false,
            "id": "/subscriptions/49fa5565-76d0-4070-af99-cd92822edbdc/resourceGroups/snipe-it/providers/Microsoft.Network/networkInterfaces/nic",
            "internal_dns_name_label": "",
            "internal_domain_name_suffix": "kjosh0dn4koephkyqcdula2t2h.bx.internal.cloudapp.net",
            "ip_configuration": [
              {
                "gateway_load_balancer_frontend_ip_configuration_id": "",
                "name": "internal",
                "primary": true,
                "private_ip_address": "10.0.1.4",
                "private_ip_address_allocation": "Dynamic",
                "private_ip_address_version": "IPv4",
                "public_ip_address_id": "/subscriptions/49fa5565-76d0-4070-af99-cd92822edbdc/resourceGroups/snipe-it/providers/Microsoft.Network/publicIPAddresses/vm_public_ip",
                "subnet_id": "/subscriptions/49fa5565-76d0-4070-af99-cd92822edbdc/resourceGroups/snipe-it/providers/Microsoft.Network/virtualNetworks/vnet/subnets/subnet1"
              }
            ],
            "location": "eastus",
            "mac_address": "",
            "name": "nic",
            "private_ip_address": "10.0.1.4",
            "private_ip_addresses": [
              "10.0.1.4"
            ],
            "resource_group_name": "snipe-it",
            "tags": null,
            "timeouts": null,
            "virtual_machine_id": ""
          },
          "sensitive_attributes": [],
          "private": "eyJlMmJmYjczMC1lY2FhLTExZTYtOGY4OC0zNDM2M2JjN2M0YzAiOnsiY3JlYXRlIjoxODAwMDAwMDAwMDAwLCJkZWxldGUiOjE4MDAwMDAwMDAwMDAsInJlYWQiOjMwMDAwMDAwMDAwMCwidXBkYXRlIjoxODAwMDAwMDAwMDAwfX0=",
          "dependencies": [
            "azurerm_public_ip.snipe-it",
            "azurerm_resource_group.snipe-it",
            "azurerm_subnet.snipe-it",
            "azurerm_virtual_network.snipe-it"
          ]
        }
      ]
    },
    {
      "mode": "managed",
      "type": "azurerm_network_interface_security_group_association",
      "name": "snipe-it",
      "provider": "provider[\"registry.terraform.io/hashicorp/azurerm\"]",
      "instances": [
        {
          "schema_version": 0,
          "attributes": {
            "id": "/subscriptions/49fa5565-76d0-4070-af99-cd92822edbdc/resourceGroups/snipe-it/providers/Microsoft.Network/networkInterfaces/nic|/subscriptions/49fa5565-76d0-4070-af99-cd92822edbdc/resourceGroups/snipe-it/providers/Microsoft.Network/networkSecurityGroups/sec_gro",
            "network_interface_id": "/subscriptions/49fa5565-76d0-4070-af99-cd92822edbdc/resourceGroups/snipe-it/providers/Microsoft.Network/networkInterfaces/nic",
            "network_security_group_id": "/subscriptions/49fa5565-76d0-4070-af99-cd92822edbdc/resourceGroups/snipe-it/providers/Microsoft.Network/networkSecurityGroups/sec_gro",
            "timeouts": null
          },
          "sensitive_attributes": [],
          "private": "eyJlMmJmYjczMC1lY2FhLTExZTYtOGY4OC0zNDM2M2JjN2M0YzAiOnsiY3JlYXRlIjoxODAwMDAwMDAwMDAwLCJkZWxldGUiOjE4MDAwMDAwMDAwMDAsInJlYWQiOjMwMDAwMDAwMDAwMCwidXBkYXRlIjoxODAwMDAwMDAwMDAwfX0=",
          "dependencies": [
            "azurerm_network_interface.snipe-it",
            "azurerm_network_security_group.snipe-it",
            "azurerm_public_ip.snipe-it",
            "azurerm_resource_group.snipe-it",
            "azurerm_subnet.snipe-it",
            "azurerm_virtual_network.snipe-it"
          ]
        }
      ]
    },
    {
      "mode": "managed",
      "type": "azurerm_network_security_group",
      "name": "snipe-it",
      "provider": "provider[\"registry.terraform.io/hashicorp/azurerm\"]",
      "instances": [
        {
          "schema_version": 0,
          "attributes": {
            "id": "/subscriptions/49fa5565-76d0-4070-af99-cd92822edbdc/resourceGroups/snipe-it/providers/Microsoft.Network/networkSecurityGroups/sec_gro",
            "location": "eastus",
            "name": "sec_gro",
            "resource_group_name": "snipe-it",
            "security_rule": [
              {
                "access": "Allow",
                "description": "",
                "destination_address_prefix": "*",
                "destination_address_prefixes": [],
                "destination_application_security_group_ids": [],
                "destination_port_range": "*",
                "destination_port_ranges": [],
                "direction": "Inbound",
                "name": "ssh",
                "priority": 100,
                "protocol": "Tcp",
                "source_address_prefix": "*",
                "source_address_prefixes": [],
                "source_application_security_group_ids": [],
                "source_port_range": "*",
                "source_port_ranges": []
              }
            ],
            "tags": {
              "environment": "Production"
            },
            "timeouts": null
          },
          "sensitive_attributes": [],
          "private": "eyJlMmJmYjczMC1lY2FhLTExZTYtOGY4OC0zNDM2M2JjN2M0YzAiOnsiY3JlYXRlIjoxODAwMDAwMDAwMDAwLCJkZWxldGUiOjE4MDAwMDAwMDAwMDAsInJlYWQiOjMwMDAwMDAwMDAwMCwidXBkYXRlIjoxODAwMDAwMDAwMDAwfX0=",
          "dependencies": [
            "azurerm_resource_group.snipe-it"
          ]
        }
      ]
    },
    {
      "mode": "managed",
      "type": "azurerm_public_ip",
      "name": "snipe-it",
      "provider": "provider[\"registry.terraform.io/hashicorp/azurerm\"]",
      "instances": [
        {
          "schema_version": 0,
          "attributes": {
            "allocation_method": "Static",
            "domain_name_label": null,
            "edge_zone": "",
            "fqdn": null,
            "id": "/subscriptions/49fa5565-76d0-4070-af99-cd92822edbdc/resourceGroups/snipe-it/providers/Microsoft.Network/publicIPAddresses/vm_public_ip",
            "idle_timeout_in_minutes": 4,
            "ip_address": "20.102.69.77",
            "ip_tags": null,
            "ip_version": "IPv4",
            "location": "eastus",
            "name": "vm_public_ip",
            "public_ip_prefix_id": null,
            "resource_group_name": "snipe-it",
            "reverse_fqdn": null,
            "sku": "Basic",
            "sku_tier": "Regional",
            "tags": null,
            "timeouts": null,
            "zones": null
          },
          "sensitive_attributes": [],
          "private": "eyJlMmJmYjczMC1lY2FhLTExZTYtOGY4OC0zNDM2M2JjN2M0YzAiOnsiY3JlYXRlIjoxODAwMDAwMDAwMDAwLCJkZWxldGUiOjE4MDAwMDAwMDAwMDAsInJlYWQiOjMwMDAwMDAwMDAwMCwidXBkYXRlIjoxODAwMDAwMDAwMDAwfX0=",
          "dependencies": [
            "azurerm_resource_group.snipe-it"
          ]
        }
      ]
    },
    {
      "mode": "managed",
      "type": "azurerm_resource_group",
      "name": "snipe-it",
      "provider": "provider[\"registry.terraform.io/hashicorp/azurerm\"]",
      "instances": [
        {
          "schema_version": 0,
          "attributes": {
            "id": "/subscriptions/49fa5565-76d0-4070-af99-cd92822edbdc/resourceGroups/snipe-it",
            "location": "eastus",
            "name": "snipe-it",
            "tags": null,
            "timeouts": null
          },
          "sensitive_attributes": [],
          "private": "eyJlMmJmYjczMC1lY2FhLTExZTYtOGY4OC0zNDM2M2JjN2M0YzAiOnsiY3JlYXRlIjo1NDAwMDAwMDAwMDAwLCJkZWxldGUiOjU0MDAwMDAwMDAwMDAsInJlYWQiOjMwMDAwMDAwMDAwMCwidXBkYXRlIjo1NDAwMDAwMDAwMDAwfX0="
        }
      ]
    },
    {
      "mode": "managed",
      "type": "azurerm_subnet",
      "name": "snipe-it",
      "provider": "provider[\"registry.terraform.io/hashicorp/azurerm\"]",
      "instances": [
        {
          "schema_version": 0,
          "attributes": {
            "address_prefixes": [
              "10.0.1.0/24"
            ],
            "delegation": [],
            "enforce_private_link_endpoint_network_policies": false,
            "enforce_private_link_service_network_policies": false,
            "id": "/subscriptions/49fa5565-76d0-4070-af99-cd92822edbdc/resourceGroups/snipe-it/providers/Microsoft.Network/virtualNetworks/vnet/subnets/subnet1",
            "name": "subnet1",
            "resource_group_name": "snipe-it",
            "service_endpoint_policy_ids": null,
            "service_endpoints": null,
            "timeouts": null,
            "virtual_network_name": "vnet"
          },
          "sensitive_attributes": [],
          "private": "eyJlMmJmYjczMC1lY2FhLTExZTYtOGY4OC0zNDM2M2JjN2M0YzAiOnsiY3JlYXRlIjoxODAwMDAwMDAwMDAwLCJkZWxldGUiOjE4MDAwMDAwMDAwMDAsInJlYWQiOjMwMDAwMDAwMDAwMCwidXBkYXRlIjoxODAwMDAwMDAwMDAwfX0=",
          "dependencies": [
            "azurerm_resource_group.snipe-it",
            "azurerm_virtual_network.snipe-it"
          ]
        }
      ]
    },
    {
      "mode": "managed",
      "type": "azurerm_virtual_network",
      "name": "snipe-it",
      "provider": "provider[\"registry.terraform.io/hashicorp/azurerm\"]",
      "instances": [
        {
          "schema_version": 0,
          "attributes": {
            "address_space": [
              "10.0.0.0/16"
            ],
            "bgp_community": "",
            "ddos_protection_plan": [],
            "dns_servers": [],
            "edge_zone": "",
            "flow_timeout_in_minutes": 0,
            "guid": "e8235d52-f26d-479c-9d58-8087458393e7",
            "id": "/subscriptions/49fa5565-76d0-4070-af99-cd92822edbdc/resourceGroups/snipe-it/providers/Microsoft.Network/virtualNetworks/vnet",
            "location": "eastus",
            "name": "vnet",
            "resource_group_name": "snipe-it",
            "subnet": [],
            "tags": null,
            "timeouts": null
          },
          "sensitive_attributes": [],
          "private": "eyJlMmJmYjczMC1lY2FhLTExZTYtOGY4OC0zNDM2M2JjN2M0YzAiOnsiY3JlYXRlIjoxODAwMDAwMDAwMDAwLCJkZWxldGUiOjE4MDAwMDAwMDAwMDAsInJlYWQiOjMwMDAwMDAwMDAwMCwidXBkYXRlIjoxODAwMDAwMDAwMDAwfX0=",
          "dependencies": [
            "azurerm_resource_group.snipe-it"
          ]
        }
      ]
    }
  ],
  "check_results": null
}
